
Microsoft Visual Studio Solution File, Format Version 12.00
# Visual Studio Version 17
VisualStudioVersion = 17.9.34728.123
MinimumVisualStudioVersion = 10.0.40219.1
Project("{FAE04EC0-301F-11D3-BF4B-00C04F79EFBC}") = "BlogBackend", "BlogBackend.csproj", "{EFCF8E64-33B6-4C19-A269-3FCEDE0DAB9D}"
EndProject
Global
	GlobalSection(SolutionConfigurationPlatforms) = preSolution
		Debug|Any CPU = Debug|Any CPU
		Release|Any CPU = Release|Any CPU
	EndGlobalSection
	GlobalSection(ProjectConfigurationPlatforms) = postSolution
		{EFCF8E64-33B6-4C19-A269-3FCEDE0DAB9D}.Debug|Any CPU.ActiveCfg = Debug|Any CPU
		{EFCF8E64-33B6-4C19-A269-3FCEDE0DAB9D}.Debug|Any CPU.Build.0 = Debug|Any CPU
		{EFCF8E64-33B6-4C19-A269-3FCEDE0DAB9D}.Release|Any CPU.ActiveCfg = Release|Any CPU
		{EFCF8E64-33B6-4C19-A269-3FCEDE0DAB9D}.Release|Any CPU.Build.0 = Release|Any CPU
	EndGlobalSection
	GlobalSection(SolutionProperties) = preSolution
		HideSolutionNode = FALSE
	EndGlobalSection
	GlobalSection(ExtensibilityGlobals) = postSolution
		SolutionGuid = {4576CFD4-2795-452C-A017-E7BF5D2CAD31}
	EndGlobalSection
EndGlobal
